
Microsoft Visual Studio Solution File, Format Version 12.00
# Visual Studio 15
VisualStudioVersion = 15.0.28307.271
MinimumVisualStudioVersion = 10.0.40219.1
Project("{FAE04EC0-301F-11D3-BF4B-00C04F79EFBC}") = "01ddd.insfrastructure", "01ddd.insfrastructure\01ddd.insfrastructure.csproj", "{204CA00C-E894-4F4D-965B-FCF0ECAF96C5}"
EndProject
Project("{FAE04EC0-301F-11D3-BF4B-00C04F79EFBC}") = "02ddd.domain", "02ddd.domain\02ddd.domain.csproj", "{9D005DFC-49A8-4312-9371-F7D325244245}"
EndProject
Project("{FAE04EC0-301F-11D3-BF4B-00C04F79EFBC}") = "03ddd.respository", "03ddd.respository\03ddd.respository.csproj", "{6E440995-99FE-4FE2-ACC0-C9FA259C4430}"
EndProject
Project("{FAE04EC0-301F-11D3-BF4B-00C04F79EFBC}") = "04ddd.service", "04ddd.service\04ddd.service.csproj", "{03690FD9-5555-4FDE-AFD4-42AF2A25496F}"
EndProject
Project("{FAE04EC0-301F-11D3-BF4B-00C04F79EFBC}") = "ddd.interface", "ddd.interface\ddd.interface.csproj", "{78C37B30-856F-4F23-93D7-55EE2675367B}"
EndProject
Global
	GlobalSection(SolutionConfigurationPlatforms) = preSolution
		Debug|Any CPU = Debug|Any CPU
		Release|Any CPU = Release|Any CPU
	EndGlobalSection
	GlobalSection(ProjectConfigurationPlatforms) = postSolution
		{204CA00C-E894-4F4D-965B-FCF0ECAF96C5}.Debug|Any CPU.ActiveCfg = Debug|Any CPU
		{204CA00C-E894-4F4D-965B-FCF0ECAF96C5}.Debug|Any CPU.Build.0 = Debug|Any CPU
		{204CA00C-E894-4F4D-965B-FCF0ECAF96C5}.Release|Any CPU.ActiveCfg = Release|Any CPU
		{204CA00C-E894-4F4D-965B-FCF0ECAF96C5}.Release|Any CPU.Build.0 = Release|Any CPU
		{9D005DFC-49A8-4312-9371-F7D325244245}.Debug|Any CPU.ActiveCfg = Debug|Any CPU
		{9D005DFC-49A8-4312-9371-F7D325244245}.Debug|Any CPU.Build.0 = Debug|Any CPU
		{9D005DFC-49A8-4312-9371-F7D325244245}.Release|Any CPU.ActiveCfg = Release|Any CPU
		{9D005DFC-49A8-4312-9371-F7D325244245}.Release|Any CPU.Build.0 = Release|Any CPU
		{6E440995-99FE-4FE2-ACC0-C9FA259C4430}.Debug|Any CPU.ActiveCfg = Debug|Any CPU
		{6E440995-99FE-4FE2-ACC0-C9FA259C4430}.Debug|Any CPU.Build.0 = Debug|Any CPU
		{6E440995-99FE-4FE2-ACC0-C9FA259C4430}.Release|Any CPU.ActiveCfg = Release|Any CPU
		{6E440995-99FE-4FE2-ACC0-C9FA259C4430}.Release|Any CPU.Build.0 = Release|Any CPU
		{03690FD9-5555-4FDE-AFD4-42AF2A25496F}.Debug|Any CPU.ActiveCfg = Debug|Any CPU
		{03690FD9-5555-4FDE-AFD4-42AF2A25496F}.Debug|Any CPU.Build.0 = Debug|Any CPU
		{03690FD9-5555-4FDE-AFD4-42AF2A25496F}.Release|Any CPU.ActiveCfg = Release|Any CPU
		{03690FD9-5555-4FDE-AFD4-42AF2A25496F}.Release|Any CPU.Build.0 = Release|Any CPU
		{78C37B30-856F-4F23-93D7-55EE2675367B}.Debug|Any CPU.ActiveCfg = Debug|Any CPU
		{78C37B30-856F-4F23-93D7-55EE2675367B}.Debug|Any CPU.Build.0 = Debug|Any CPU
		{78C37B30-856F-4F23-93D7-55EE2675367B}.Release|Any CPU.ActiveCfg = Release|Any CPU
		{78C37B30-856F-4F23-93D7-55EE2675367B}.Release|Any CPU.Build.0 = Release|Any CPU
	EndGlobalSection
	GlobalSection(SolutionProperties) = preSolution
		HideSolutionNode = FALSE
	EndGlobalSection
	GlobalSection(ExtensibilityGlobals) = postSolution
		SolutionGuid = {A3DA528D-54B0-4869-A336-E702B871FF77}
	EndGlobalSection
EndGlobal
